
Microsoft Visual Studio Solution File, Format Version 12.00
# Visual Studio 2013
VisualStudioVersion = 12.0.31101.0
MinimumVisualStudioVersion = 10.0.40219.1
Project("{FAE04EC0-301F-11D3-BF4B-00C04F79EFBC}") = "EPiServer.Find.Tracing.Log4Net", "EPiServer.Find.Tracing.Log4Net\EPiServer.Find.Tracing.Log4Net.csproj", "{94F72180-0E28-4F69-8ED8-D5646C54D4FA}"
EndProject
Project("{2150E333-8FDC-42A3-9474-1A3956D46DE8}") = "Solution Items", "Solution Items", "{9D131131-2B3C-4A31-8E38-E6851031D9EB}"
	ProjectSection(SolutionItems) = preProject
		LICENSE = LICENSE
		readme.md = readme.md
	EndProjectSection
EndProject
Global
	GlobalSection(SolutionConfigurationPlatforms) = preSolution
		Debug|Any CPU = Debug|Any CPU
		Release|Any CPU = Release|Any CPU
	EndGlobalSection
	GlobalSection(ProjectConfigurationPlatforms) = postSolution
		{94F72180-0E28-4F69-8ED8-D5646C54D4FA}.Debug|Any CPU.ActiveCfg = Debug|Any CPU
		{94F72180-0E28-4F69-8ED8-D5646C54D4FA}.Debug|Any CPU.Build.0 = Debug|Any CPU
		{94F72180-0E28-4F69-8ED8-D5646C54D4FA}.Release|Any CPU.ActiveCfg = Release|Any CPU
		{94F72180-0E28-4F69-8ED8-D5646C54D4FA}.Release|Any CPU.Build.0 = Release|Any CPU
	EndGlobalSection
	GlobalSection(SolutionProperties) = preSolution
		HideSolutionNode = FALSE
	EndGlobalSection
EndGlobal
